// !$*UTF8*$!
{
	archiveVersion = 1;
	classes = {
	};
	objectVersion = 56;
	objects = {

/* Begin PBXBuildFile section */
		C00B13CF2BF1EF1600B832E1 /* SDWebImage in Frameworks */ = {isa = PBXBuildFile; productRef = C00B13CE2BF1EF1600B832E1 /* SDWebImage */; };
		C00B13D12BF1EF1600B832E1 /* SDWebImageMapKit in Frameworks */ = {isa = PBXBuildFile; productRef = C00B13D02BF1EF1600B832E1 /* SDWebImageMapKit */; };
		C031AAE72BF2275C009503B7 /* TitleTableViewCell.swift in Sources */ = {isa = PBXBuildFile; fileRef = C031AAE62BF2275C009503B7 /* TitleTableViewCell.swift */; };
		C031AAE92BF22F78009503B7 /* TitleViewModel.swift in Sources */ = {isa = PBXBuildFile; fileRef = C031AAE82BF22F78009503B7 /* TitleViewModel.swift */; };
		C031AAEB2BF24853009503B7 /* SearchResultViewController.swift in Sources */ = {isa = PBXBuildFile; fileRef = C031AAEA2BF24853009503B7 /* SearchResultViewController.swift */; };
		C031AAEF2BF3382F009503B7 /* YoutubeSearchResponse.swift in Sources */ = {isa = PBXBuildFile; fileRef = C031AAEE2BF3382F009503B7 /* YoutubeSearchResponse.swift */; };
		C031AAF12BF34104009503B7 /* TitlePreviewViewController.swift in Sources */ = {isa = PBXBuildFile; fileRef = C031AAF02BF34104009503B7 /* TitlePreviewViewController.swift */; };
		C031AAF32BF34BE1009503B7 /* TitlePreviewViewModel.swift in Sources */ = {isa = PBXBuildFile; fileRef = C031AAF22BF34BE1009503B7 /* TitlePreviewViewModel.swift */; };
		C0C06F372BF1D9E9002F88E1 /* Extensions.swift in Sources */ = {isa = PBXBuildFile; fileRef = C0C06F362BF1D9E9002F88E1 /* Extensions.swift */; };
		C0C06F3B2BF1E9DE002F88E1 /* TitleCollectionViewCell.swift in Sources */ = {isa = PBXBuildFile; fileRef = C0C06F3A2BF1E9DE002F88E1 /* TitleCollectionViewCell.swift */; };
		C0E1C1202BEDEB2A005371C8 /* AppDelegate.swift in Sources */ = {isa = PBXBuildFile; fileRef = C0E1C11F2BEDEB2A005371C8 /* AppDelegate.swift */; };
		C0E1C1222BEDEB2A005371C8 /* SceneDelegate.swift in Sources */ = {isa = PBXBuildFile; fileRef = C0E1C1212BEDEB2A005371C8 /* SceneDelegate.swift */; };
		C0E1C1242BEDEB2A005371C8 /* MainTabBarViewController.swift in Sources */ = {isa = PBXBuildFile; fileRef = C0E1C1232BEDEB2A005371C8 /* MainTabBarViewController.swift */; };
		C0E1C1292BEDEB2B005371C8 /* Assets.xcassets in Resources */ = {isa = PBXBuildFile; fileRef = C0E1C1282BEDEB2B005371C8 /* Assets.xcassets */; };
		C0E1C12C2BEDEB2B005371C8 /* Base in Resources */ = {isa = PBXBuildFile; fileRef = C0E1C12B2BEDEB2B005371C8 /* Base */; };
		C0E1C1352BEDF06A005371C8 /* HomeViewController.swift in Sources */ = {isa = PBXBuildFile; fileRef = C0E1C1342BEDF06A005371C8 /* HomeViewController.swift */; };
		C0E1C1372BEDF0C5005371C8 /* UpcomingViewController.swift in Sources */ = {isa = PBXBuildFile; fileRef = C0E1C1362BEDF0C5005371C8 /* UpcomingViewController.swift */; };
		C0E1C1392BEDF0F0005371C8 /* SearchViewController.swift in Sources */ = {isa = PBXBuildFile; fileRef = C0E1C1382BEDF0F0005371C8 /* SearchViewController.swift */; };
		C0E1C13B2BEDF123005371C8 /* DownloadsViewController.swift in Sources */ = {isa = PBXBuildFile; fileRef = C0E1C13A2BEDF123005371C8 /* DownloadsViewController.swift */; };
		C0E1C1422BEDFAAB005371C8 /* CollectionViewTableViewCell.swift in Sources */ = {isa = PBXBuildFile; fileRef = C0E1C1412BEDFAAB005371C8 /* CollectionViewTableViewCell.swift */; };
		C0E1C1442BEE2EA2005371C8 /* HeroHeaderUIView.swift in Sources */ = {isa = PBXBuildFile; fileRef = C0E1C1432BEE2EA2005371C8 /* HeroHeaderUIView.swift */; };
		C0E1C1462BEE4B1E005371C8 /* APICaller.swift in Sources */ = {isa = PBXBuildFile; fileRef = C0E1C1452BEE4B1E005371C8 /* APICaller.swift */; };
		C0E1C1482BEE50AD005371C8 /* Title.swift in Sources */ = {isa = PBXBuildFile; fileRef = C0E1C1472BEE50AD005371C8 /* Title.swift */; };
/* End PBXBuildFile section */

/* Begin PBXFileReference section */
		C031AAE62BF2275C009503B7 /* TitleTableViewCell.swift */ = {isa = PBXFileReference; lastKnownFileType = sourcecode.swift; path = TitleTableViewCell.swift; sourceTree = "<group>"; };
		C031AAE82BF22F78009503B7 /* TitleViewModel.swift */ = {isa = PBXFileReference; lastKnownFileType = sourcecode.swift; path = TitleViewModel.swift; sourceTree = "<group>"; };
		C031AAEA2BF24853009503B7 /* SearchResultViewController.swift */ = {isa = PBXFileReference; lastKnownFileType = sourcecode.swift; path = SearchResultViewController.swift; sourceTree = "<group>"; };
		C031AAEE2BF3382F009503B7 /* YoutubeSearchResponse.swift */ = {isa = PBXFileReference; lastKnownFileType = sourcecode.swift; path = YoutubeSearchResponse.swift; sourceTree = "<group>"; };
		C031AAF02BF34104009503B7 /* TitlePreviewViewController.swift */ = {isa = PBXFileReference; lastKnownFileType = sourcecode.swift; path = TitlePreviewViewController.swift; sourceTree = "<group>"; };
		C031AAF22BF34BE1009503B7 /* TitlePreviewViewModel.swift */ = {isa = PBXFileReference; lastKnownFileType = sourcecode.swift; path = TitlePreviewViewModel.swift; sourceTree = "<group>"; };
		C0C06F362BF1D9E9002F88E1 /* Extensions.swift */ = {isa = PBXFileReference; lastKnownFileType = sourcecode.swift; path = Extensions.swift; sourceTree = "<group>"; };
		C0C06F3A2BF1E9DE002F88E1 /* TitleCollectionViewCell.swift */ = {isa = PBXFileReference; lastKnownFileType = sourcecode.swift; path = TitleCollectionViewCell.swift; sourceTree = "<group>"; };
		C0E1C11C2BEDEB2A005371C8 /* Netflix Clone.app */ = {isa = PBXFileReference; explicitFileType = wrapper.application; includeInIndex = 0; path = "Netflix Clone.app"; sourceTree = BUILT_PRODUCTS_DIR; };
		C0E1C11F2BEDEB2A005371C8 /* AppDelegate.swift */ = {isa = PBXFileReference; lastKnownFileType = sourcecode.swift; path = AppDelegate.swift; sourceTree = "<group>"; };
		C0E1C1212BEDEB2A005371C8 /* SceneDelegate.swift */ = {isa = PBXFileReference; lastKnownFileType = sourcecode.swift; path = SceneDelegate.swift; sourceTree = "<group>"; };
		C0E1C1232BEDEB2A005371C8 /* MainTabBarViewController.swift */ = {isa = PBXFileReference; lastKnownFileType = sourcecode.swift; path = MainTabBarViewController.swift; sourceTree = "<group>"; };
		C0E1C1282BEDEB2B005371C8 /* Assets.xcassets */ = {isa = PBXFileReference; lastKnownFileType = folder.assetcatalog; path = Assets.xcassets; sourceTree = "<group>"; };
		C0E1C12B2BEDEB2B005371C8 /* Base */ = {isa = PBXFileReference; lastKnownFileType = file.storyboard; name = Base; path = Base.lproj/LaunchScreen.storyboard; sourceTree = "<group>"; };
		C0E1C12D2BEDEB2B005371C8 /* Info.plist */ = {isa = PBXFileReference; lastKnownFileType = text.plist.xml; path = Info.plist; sourceTree = "<group>"; };
		C0E1C1342BEDF06A005371C8 /* HomeViewController.swift */ = {isa = PBXFileReference; lastKnownFileType = sourcecode.swift; path = HomeViewController.swift; sourceTree = "<group>"; };
		C0E1C1362BEDF0C5005371C8 /* UpcomingViewController.swift */ = {isa = PBXFileReference; lastKnownFileType = sourcecode.swift; path = UpcomingViewController.swift; sourceTree = "<group>"; };
		C0E1C1382BEDF0F0005371C8 /* SearchViewController.swift */ = {isa = PBXFileReference; lastKnownFileType = sourcecode.swift; path = SearchViewController.swift; sourceTree = "<group>"; };
		C0E1C13A2BEDF123005371C8 /* DownloadsViewController.swift */ = {isa = PBXFileReference; lastKnownFileType = sourcecode.swift; path = DownloadsViewController.swift; sourceTree = "<group>"; };
		C0E1C1412BEDFAAB005371C8 /* CollectionViewTableViewCell.swift */ = {isa = PBXFileReference; lastKnownFileType = sourcecode.swift; path = CollectionViewTableViewCell.swift; sourceTree = "<group>"; };
		C0E1C1432BEE2EA2005371C8 /* HeroHeaderUIView.swift */ = {isa = PBXFileReference; lastKnownFileType = sourcecode.swift; path = HeroHeaderUIView.swift; sourceTree = "<group>"; };
		C0E1C1452BEE4B1E005371C8 /* APICaller.swift */ = {isa = PBXFileReference; lastKnownFileType = sourcecode.swift; path = APICaller.swift; sourceTree = "<group>"; };
		C0E1C1472BEE50AD005371C8 /* Title.swift */ = {isa = PBXFileReference; lastKnownFileType = sourcecode.swift; path = Title.swift; sourceTree = "<group>"; };
/* End PBXFileReference section */

/* Begin PBXFrameworksBuildPhase section */
		C0E1C1192BEDEB2A005371C8 /* Frameworks */ = {
			isa = PBXFrameworksBuildPhase;
			buildActionMask = 2147483647;
			files = (
				C00B13D12BF1EF1600B832E1 /* SDWebImageMapKit in Frameworks */,
				C00B13CF2BF1EF1600B832E1 /* SDWebImage in Frameworks */,
			);
			runOnlyForDeploymentPostprocessing = 0;
		};
/* End PBXFrameworksBuildPhase section */

/* Begin PBXGroup section */
		C031AAEC2BF2488E009503B7 /* Core */ = {
			isa = PBXGroup;
			children = (
				C0E1C1342BEDF06A005371C8 /* HomeViewController.swift */,
				C0E1C1362BEDF0C5005371C8 /* UpcomingViewController.swift */,
				C0E1C1382BEDF0F0005371C8 /* SearchViewController.swift */,
				C0E1C13A2BEDF123005371C8 /* DownloadsViewController.swift */,
				C0E1C1232BEDEB2A005371C8 /* MainTabBarViewController.swift */,
			);
			path = Core;
			sourceTree = "<group>";
		};
		C031AAED2BF248C8009503B7 /* General */ = {
			isa = PBXGroup;
			children = (
				C031AAEA2BF24853009503B7 /* SearchResultViewController.swift */,
				C031AAF02BF34104009503B7 /* TitlePreviewViewController.swift */,
			);
			path = General;
			sourceTree = "<group>";
		};
		C0E1C1132BEDEB2A005371C8 = {
			isa = PBXGroup;
			children = (
				C0E1C11E2BEDEB2A005371C8 /* Netflix Clone */,
				C0E1C11D2BEDEB2A005371C8 /* Products */,
			);
			sourceTree = "<group>";
		};
		C0E1C11D2BEDEB2A005371C8 /* Products */ = {
			isa = PBXGroup;
			children = (
				C0E1C11C2BEDEB2A005371C8 /* Netflix Clone.app */,
			);
			name = Products;
			sourceTree = "<group>";
		};
		C0E1C11E2BEDEB2A005371C8 /* Netflix Clone */ = {
			isa = PBXGroup;
			children = (
				C0E1C1402BEDFA29005371C8 /* Managers */,
				C0E1C13F2BEDFA17005371C8 /* Resouces */,
				C0E1C13E2BEDF9F6005371C8 /* Models */,
				C0E1C13D2BEDF9EC005371C8 /* Views */,
				C0E1C13C2BEDF9E1005371C8 /* ViewModels */,
				C0E1C1332BEDF00F005371C8 /* Controllers */,
				C0E1C11F2BEDEB2A005371C8 /* AppDelegate.swift */,
				C0E1C1212BEDEB2A005371C8 /* SceneDelegate.swift */,
				C0E1C1282BEDEB2B005371C8 /* Assets.xcassets */,
				C0E1C12A2BEDEB2B005371C8 /* LaunchScreen.storyboard */,
				C0E1C12D2BEDEB2B005371C8 /* Info.plist */,
			);
			path = "Netflix Clone";
			sourceTree = "<group>";
		};
		C0E1C1332BEDF00F005371C8 /* Controllers */ = {
			isa = PBXGroup;
			children = (
				C031AAED2BF248C8009503B7 /* General */,
				C031AAEC2BF2488E009503B7 /* Core */,
			);
			path = Controllers;
			sourceTree = "<group>";
		};
		C0E1C13C2BEDF9E1005371C8 /* ViewModels */ = {
			isa = PBXGroup;
			children = (
				C031AAE82BF22F78009503B7 /* TitleViewModel.swift */,
				C031AAF22BF34BE1009503B7 /* TitlePreviewViewModel.swift */,
			);
			path = ViewModels;
			sourceTree = "<group>";
		};
		C0E1C13D2BEDF9EC005371C8 /* Views */ = {
			isa = PBXGroup;
			children = (
				C0E1C1412BEDFAAB005371C8 /* CollectionViewTableViewCell.swift */,
				C0E1C1432BEE2EA2005371C8 /* HeroHeaderUIView.swift */,
				C0C06F3A2BF1E9DE002F88E1 /* TitleCollectionViewCell.swift */,
				C031AAE62BF2275C009503B7 /* TitleTableViewCell.swift */,
			);
			path = Views;
			sourceTree = "<group>";
		};
		C0E1C13E2BEDF9F6005371C8 /* Models */ = {
			isa = PBXGroup;
			children = (
				C0E1C1472BEE50AD005371C8 /* Title.swift */,
				C031AAEE2BF3382F009503B7 /* YoutubeSearchResponse.swift */,
			);
			path = Models;
			sourceTree = "<group>";
		};
		C0E1C13F2BEDFA17005371C8 /* Resouces */ = {
			isa = PBXGroup;
			children = (
				C0C06F362BF1D9E9002F88E1 /* Extensions.swift */,
			);
			path = Resouces;
			sourceTree = "<group>";
		};
		C0E1C1402BEDFA29005371C8 /* Managers */ = {
			isa = PBXGroup;
			children = (
				C0E1C1452BEE4B1E005371C8 /* APICaller.swift */,
			);
			path = Managers;
			sourceTree = "<group>";
		};
/* End PBXGroup section */

/* Begin PBXNativeTarget section */
		C0E1C11B2BEDEB2A005371C8 /* Netflix Clone */ = {
			isa = PBXNativeTarget;
			buildConfigurationList = C0E1C1302BEDEB2B005371C8 /* Build configuration list for PBXNativeTarget "Netflix Clone" */;
			buildPhases = (
				C0E1C1182BEDEB2A005371C8 /* Sources */,
				C0E1C1192BEDEB2A005371C8 /* Frameworks */,
				C0E1C11A2BEDEB2A005371C8 /* Resources */,
			);
			buildRules = (
			);
			dependencies = (
			);
			name = "Netflix Clone";
			packageProductDependencies = (
				C00B13CE2BF1EF1600B832E1 /* SDWebImage */,
				C00B13D02BF1EF1600B832E1 /* SDWebImageMapKit */,
			);
			productName = "Netflix Clone";
			productReference = C0E1C11C2BEDEB2A005371C8 /* Netflix Clone.app */;
			productType = "com.apple.product-type.application";
		};
/* End PBXNativeTarget section */

/* Begin PBXProject section */
		C0E1C1142BEDEB2A005371C8 /* Project object */ = {
			isa = PBXProject;
			attributes = {
				BuildIndependentTargetsInParallel = 1;
				LastSwiftUpdateCheck = 1530;
				LastUpgradeCheck = 1530;
				TargetAttributes = {
					C0E1C11B2BEDEB2A005371C8 = {
						CreatedOnToolsVersion = 15.3;
					};
				};
			};
			buildConfigurationList = C0E1C1172BEDEB2A005371C8 /* Build configuration list for PBXProject "Netflix Clone" */;
			compatibilityVersion = "Xcode 14.0";
			developmentRegion = en;
			hasScannedForEncodings = 0;
			knownRegions = (
				en,
				Base,
			);
			mainGroup = C0E1C1132BEDEB2A005371C8;
			packageReferences = (
				C00B13CD2BF1EF1600B832E1 /* XCRemoteSwiftPackageReference "SDWebImage" */,
			);
			productRefGroup = C0E1C11D2BEDEB2A005371C8 /* Products */;
			projectDirPath = "";
			projectRoot = "";
			targets = (
				C0E1C11B2BEDEB2A005371C8 /* Netflix Clone */,
			);
		};
/* End PBXProject section */

/* Begin PBXResourcesBuildPhase section */
		C0E1C11A2BEDEB2A005371C8 /* Resources */ = {
			isa = PBXResourcesBuildPhase;
			buildActionMask = 2147483647;
			files = (
				C0E1C1292BEDEB2B005371C8 /* Assets.xcassets in Resources */,
				C0E1C12C2BEDEB2B005371C8 /* Base in Resources */,
			);
			runOnlyForDeploymentPostprocessing = 0;
		};
/* End PBXResourcesBuildPhase section */

/* Begin PBXSourcesBuildPhase section */
		C0E1C1182BEDEB2A005371C8 /* Sources */ = {
			isa = PBXSourcesBuildPhase;
			buildActionMask = 2147483647;
			files = (
				C031AAE72BF2275C009503B7 /* TitleTableViewCell.swift in Sources */,
				C0E1C1392BEDF0F0005371C8 /* SearchViewController.swift in Sources */,
				C0C06F3B2BF1E9DE002F88E1 /* TitleCollectionViewCell.swift in Sources */,
				C0E1C1242BEDEB2A005371C8 /* MainTabBarViewController.swift in Sources */,
				C0E1C1422BEDFAAB005371C8 /* CollectionViewTableViewCell.swift in Sources */,
				C0E1C1462BEE4B1E005371C8 /* APICaller.swift in Sources */,
				C0E1C1442BEE2EA2005371C8 /* HeroHeaderUIView.swift in Sources */,
				C0E1C13B2BEDF123005371C8 /* DownloadsViewController.swift in Sources */,
				C0E1C1202BEDEB2A005371C8 /* AppDelegate.swift in Sources */,
				C0C06F372BF1D9E9002F88E1 /* Extensions.swift in Sources */,
				C0E1C1222BEDEB2A005371C8 /* SceneDelegate.swift in Sources */,
				C031AAEF2BF3382F009503B7 /* YoutubeSearchResponse.swift in Sources */,
				C0E1C1372BEDF0C5005371C8 /* UpcomingViewController.swift in Sources */,
				C031AAF32BF34BE1009503B7 /* TitlePreviewViewModel.swift in Sources */,
				C0E1C1482BEE50AD005371C8 /* Title.swift in Sources */,
				C031AAF12BF34104009503B7 /* TitlePreviewViewController.swift in Sources */,
				C0E1C1352BEDF06A005371C8 /* HomeViewController.swift in Sources */,
				C031AAEB2BF24853009503B7 /* SearchResultViewController.swift in Sources */,
				C031AAE92BF22F78009503B7 /* TitleViewModel.swift in Sources */,
			);
			runOnlyForDeploymentPostprocessing = 0;
		};
/* End PBXSourcesBuildPhase section */

/* Begin PBXVariantGroup section */
		C0E1C12A2BEDEB2B005371C8 /* LaunchScreen.storyboard */ = {
			isa = PBXVariantGroup;
			children = (
				C0E1C12B2BEDEB2B005371C8 /* Base */,
			);
			name = LaunchScreen.storyboard;
			sourceTree = "<group>";
		};
/* End PBXVariantGroup section */

/* Begin XCBuildConfiguration section */
		C0E1C12E2BEDEB2B005371C8 /* Debug */ = {
			isa = XCBuildConfiguration;
			buildSettings = {
				ALWAYS_SEARCH_USER_PATHS = NO;
				ASSETCATALOG_COMPILER_GENERATE_SWIFT_ASSET_SYMBOL_EXTENSIONS = YES;
				CLANG_ANALYZER_NONNULL = YES;
				CLANG_ANALYZER_NUMBER_OBJECT_CONVERSION = YES_AGGRESSIVE;
				CLANG_CXX_LANGUAGE_STANDARD = "gnu++20";
				CLANG_ENABLE_MODULES = YES;
				CLANG_ENABLE_OBJC_ARC = YES;
				CLANG_ENABLE_OBJC_WEAK = YES;
				CLANG_WARN_BLOCK_CAPTURE_AUTORELEASING = YES;
				CLANG_WARN_BOOL_CONVERSION = YES;
				CLANG_WARN_COMMA = YES;
				CLANG_WARN_CONSTANT_CONVERSION = YES;
				CLANG_WARN_DEPRECATED_OBJC_IMPLEMENTATIONS = YES;
				CLANG_WARN_DIRECT_OBJC_ISA_USAGE = YES_ERROR;
				CLANG_WARN_DOCUMENTATION_COMMENTS = YES;
				CLANG_WARN_EMPTY_BODY = YES;
				CLANG_WARN_ENUM_CONVERSION = YES;
				CLANG_WARN_INFINITE_RECURSION = YES;
				CLANG_WARN_INT_CONVERSION = YES;
				CLANG_WARN_NON_LITERAL_NULL_CONVERSION = YES;
				CLANG_WARN_OBJC_IMPLICIT_RETAIN_SELF = YES;
				CLANG_WARN_OBJC_LITERAL_CONVERSION = YES;
				CLANG_WARN_OBJC_ROOT_CLASS = YES_ERROR;
				CLANG_WARN_QUOTED_INCLUDE_IN_FRAMEWORK_HEADER = YES;
				CLANG_WARN_RANGE_LOOP_ANALYSIS = YES;
				CLANG_WARN_STRICT_PROTOTYPES = YES;
				CLANG_WARN_SUSPICIOUS_MOVE = YES;
				CLANG_WARN_UNGUARDED_AVAILABILITY = YES_AGGRESSIVE;
				CLANG_WARN_UNREACHABLE_CODE = YES;
				CLANG_WARN__DUPLICATE_METHOD_MATCH = YES;
				COPY_PHASE_STRIP = NO;
				DEBUG_INFORMATION_FORMAT = dwarf;
				ENABLE_STRICT_OBJC_MSGSEND = YES;
				ENABLE_TESTABILITY = YES;
				ENABLE_USER_SCRIPT_SANDBOXING = YES;
				GCC_C_LANGUAGE_STANDARD = gnu17;
				GCC_DYNAMIC_NO_PIC = NO;
				GCC_NO_COMMON_BLOCKS = YES;
				GCC_OPTIMIZATION_LEVEL = 0;
				GCC_PREPROCESSOR_DEFINITIONS = (
					"DEBUG=1",
					"$(inherited)",
				);
				GCC_WARN_64_TO_32_BIT_CONVERSION = YES;
				GCC_WARN_ABOUT_RETURN_TYPE = YES_ERROR;
				GCC_WARN_UNDECLARED_SELECTOR = YES;
				GCC_WARN_UNINITIALIZED_AUTOS = YES_AGGRESSIVE;
				GCC_WARN_UNUSED_FUNCTION = YES;
				GCC_WARN_UNUSED_VARIABLE = YES;
				IPHONEOS_DEPLOYMENT_TARGET = 17.4;
				LOCALIZATION_PREFERS_STRING_CATALOGS = YES;
				MTL_ENABLE_DEBUG_INFO = INCLUDE_SOURCE;
				MTL_FAST_MATH = YES;
				ONLY_ACTIVE_ARCH = YES;
				SDKROOT = iphoneos;
				SWIFT_ACTIVE_COMPILATION_CONDITIONS = "DEBUG $(inherited)";
				SWIFT_OPTIMIZATION_LEVEL = "-Onone";
			};
			name = Debug;
		};
		C0E1C12F2BEDEB2B005371C8 /* Release */ = {
			isa = XCBuildConfiguration;
			buildSettings = {
				ALWAYS_SEARCH_USER_PATHS = NO;
				ASSETCATALOG_COMPILER_GENERATE_SWIFT_ASSET_SYMBOL_EXTENSIONS = YES;
				CLANG_ANALYZER_NONNULL = YES;
				CLANG_ANALYZER_NUMBER_OBJECT_CONVERSION = YES_AGGRESSIVE;
				CLANG_CXX_LANGUAGE_STANDARD = "gnu++20";
				CLANG_ENABLE_MODULES = YES;
				CLANG_ENABLE_OBJC_ARC = YES;
				CLANG_ENABLE_OBJC_WEAK = YES;
				CLANG_WARN_BLOCK_CAPTURE_AUTORELEASING = YES;
				CLANG_WARN_BOOL_CONVERSION = YES;
				CLANG_WARN_COMMA = YES;
				CLANG_WARN_CONSTANT_CONVERSION = YES;
				CLANG_WARN_DEPRECATED_OBJC_IMPLEMENTATIONS = YES;
				CLANG_WARN_DIRECT_OBJC_ISA_USAGE = YES_ERROR;
				CLANG_WARN_DOCUMENTATION_COMMENTS = YES;
				CLANG_WARN_EMPTY_BODY = YES;
				CLANG_WARN_ENUM_CONVERSION = YES;
				CLANG_WARN_INFINITE_RECURSION = YES;
				CLANG_WARN_INT_CONVERSION = YES;
				CLANG_WARN_NON_LITERAL_NULL_CONVERSION = YES;
				CLANG_WARN_OBJC_IMPLICIT_RETAIN_SELF = YES;
				CLANG_WARN_OBJC_LITERAL_CONVERSION = YES;
				CLANG_WARN_OBJC_ROOT_CLASS = YES_ERROR;
				CLANG_WARN_QUOTED_INCLUDE_IN_FRAMEWORK_HEADER = YES;
				CLANG_WARN_RANGE_LOOP_ANALYSIS = YES;
				CLANG_WARN_STRICT_PROTOTYPES = YES;
				CLANG_WARN_SUSPICIOUS_MOVE = YES;
				CLANG_WARN_UNGUARDED_AVAILABILITY = YES_AGGRESSIVE;
				CLANG_WARN_UNREACHABLE_CODE = YES;
				CLANG_WARN__DUPLICATE_METHOD_MATCH = YES;
				COPY_PHASE_STRIP = NO;
				DEBUG_INFORMATION_FORMAT = "dwarf-with-dsym";
				ENABLE_NS_ASSERTIONS = NO;
				ENABLE_STRICT_OBJC_MSGSEND = YES;
				ENABLE_USER_SCRIPT_SANDBOXING = YES;
				GCC_C_LANGUAGE_STANDARD = gnu17;
				GCC_NO_COMMON_BLOCKS = YES;
				GCC_WARN_64_TO_32_BIT_CONVERSION = YES;
				GCC_WARN_ABOUT_RETURN_TYPE = YES_ERROR;
				GCC_WARN_UNDECLARED_SELECTOR = YES;
				GCC_WARN_UNINITIALIZED_AUTOS = YES_AGGRESSIVE;
				GCC_WARN_UNUSED_FUNCTION = YES;
				GCC_WARN_UNUSED_VARIABLE = YES;
				IPHONEOS_DEPLOYMENT_TARGET = 17.4;
				LOCALIZATION_PREFERS_STRING_CATALOGS = YES;
				MTL_ENABLE_DEBUG_INFO = NO;
				MTL_FAST_MATH = YES;
				SDKROOT = iphoneos;
				SWIFT_COMPILATION_MODE = wholemodule;
				VALIDATE_PRODUCT = YES;
			};
			name = Release;
		};
		C0E1C1312BEDEB2B005371C8 /* Debug */ = {
			isa = XCBuildConfiguration;
			buildSettings = {
				ASSETCATALOG_COMPILER_APPICON_NAME = AppIcon;
				ASSETCATALOG_COMPILER_GLOBAL_ACCENT_COLOR_NAME = AccentColor;
				CODE_SIGN_STYLE = Automatic;
				CURRENT_PROJECT_VERSION = 1;
				DEVELOPMENT_TEAM = T3YWA5D992;
				GENERATE_INFOPLIST_FILE = YES;
				INFOPLIST_FILE = "Netflix Clone/Info.plist";
				INFOPLIST_KEY_UIApplicationSupportsIndirectInputEvents = YES;
				INFOPLIST_KEY_UILaunchStoryboardName = LaunchScreen;
				INFOPLIST_KEY_UIStatusBarStyle = "";
				INFOPLIST_KEY_UISupportedInterfaceOrientations_iPad = "UIInterfaceOrientationPortrait UIInterfaceOrientationPortraitUpsideDown UIInterfaceOrientationLandscapeLeft UIInterfaceOrientationLandscapeRight";
				INFOPLIST_KEY_UISupportedInterfaceOrientations_iPhone = "UIInterfaceOrientationPortrait UIInterfaceOrientationLandscapeLeft UIInterfaceOrientationLandscapeRight";
				LD_RUNPATH_SEARCH_PATHS = (
					"$(inherited)",
					"@executable_path/Frameworks",
				);
				MARKETING_VERSION = 1.0;
				PRODUCT_BUNDLE_IDENTIFIER = "code.Saurabh.Netflix-Clone";
				PRODUCT_NAME = "$(TARGET_NAME)";
				SWIFT_EMIT_LOC_STRINGS = YES;
				SWIFT_VERSION = 5.0;
				TARGETED_DEVICE_FAMILY = "1,2";
			};
			name = Debug;
		};
		C0E1C1322BEDEB2B005371C8 /* Release */ = {
			isa = XCBuildConfiguration;
			buildSettings = {
				ASSETCATALOG_COMPILER_APPICON_NAME = AppIcon;
				ASSETCATALOG_COMPILER_GLOBAL_ACCENT_COLOR_NAME = AccentColor;
				CODE_SIGN_STYLE = Automatic;
				CURRENT_PROJECT_VERSION = 1;
				DEVELOPMENT_TEAM = T3YWA5D992;
				GENERATE_INFOPLIST_FILE = YES;
				INFOPLIST_FILE = "Netflix Clone/Info.plist";
				INFOPLIST_KEY_UIApplicationSupportsIndirectInputEvents = YES;
				INFOPLIST_KEY_UILaunchStoryboardName = LaunchScreen;
				INFOPLIST_KEY_UIStatusBarStyle = "";
				INFOPLIST_KEY_UISupportedInterfaceOrientations_iPad = "UIInterfaceOrientationPortrait UIInterfaceOrientationPortraitUpsideDown UIInterfaceOrientationLandscapeLeft UIInterfaceOrientationLandscapeRight";
				INFOPLIST_KEY_UISupportedInterfaceOrientations_iPhone = "UIInterfaceOrientationPortrait UIInterfaceOrientationLandscapeLeft UIInterfaceOrientationLandscapeRight";
				LD_RUNPATH_SEARCH_PATHS = (
					"$(inherited)",
					"@executable_path/Frameworks",
				);
				MARKETING_VERSION = 1.0;
				PRODUCT_BUNDLE_IDENTIFIER = "code.Saurabh.Netflix-Clone";
				PRODUCT_NAME = "$(TARGET_NAME)";
				SWIFT_EMIT_LOC_STRINGS = YES;
				SWIFT_VERSION = 5.0;
				TARGETED_DEVICE_FAMILY = "1,2";
			};
			name = Release;
		};
/* End XCBuildConfiguration section */

/* Begin XCConfigurationList section */
		C0E1C1172BEDEB2A005371C8 /* Build configuration list for PBXProject "Netflix Clone" */ = {
			isa = XCConfigurationList;
			buildConfigurations = (
				C0E1C12E2BEDEB2B005371C8 /* Debug */,
				C0E1C12F2BEDEB2B005371C8 /* Release */,
			);
			defaultConfigurationIsVisible = 0;
			defaultConfigurationName = Release;
		};
		C0E1C1302BEDEB2B005371C8 /* Build configuration list for PBXNativeTarget "Netflix Clone" */ = {
			isa = XCConfigurationList;
			buildConfigurations = (
				C0E1C1312BEDEB2B005371C8 /* Debug */,
				C0E1C1322BEDEB2B005371C8 /* Release */,
			);
			defaultConfigurationIsVisible = 0;
			defaultConfigurationName = Release;
		};
/* End XCConfigurationList section */

/* Begin XCRemoteSwiftPackageReference section */
		C00B13CD2BF1EF1600B832E1 /* XCRemoteSwiftPackageReference "SDWebImage" */ = {
			isa = XCRemoteSwiftPackageReference;
			repositoryURL = "https://github.com/SDWebImage/SDWebImage.git";
			requirement = {
				kind = upToNextMajorVersion;
				minimumVersion = 5.19.2;
			};
		};
/* End XCRemoteSwiftPackageReference section */

/* Begin XCSwiftPackageProductDependency section */
		C00B13CE2BF1EF1600B832E1 /* SDWebImage */ = {
			isa = XCSwiftPackageProductDependency;
			package = C00B13CD2BF1EF1600B832E1 /* XCRemoteSwiftPackageReference "SDWebImage" */;
			productName = SDWebImage;
		};
		C00B13D02BF1EF1600B832E1 /* SDWebImageMapKit */ = {
			isa = XCSwiftPackageProductDependency;
			package = C00B13CD2BF1EF1600B832E1 /* XCRemoteSwiftPackageReference "SDWebImage" */;
			productName = SDWebImageMapKit;
		};
/* End XCSwiftPackageProductDependency section */
	};
	rootObject = C0E1C1142BEDEB2A005371C8 /* Project object */;
}
